// !$*UTF8*$!
{
	archiveVersion = 1;
	classes = {
	};
	objectVersion = 50;
	objects = {

/* Begin PBXBuildFile section */
		7110D1EB26FA3B6400E10A5F /* ProjectsViewModel.swift in Sources */ = {isa = PBXBuildFile; fileRef = 7110D1EA26FA3B6400E10A5F /* ProjectsViewModel.swift */; };
		7110D1ED26FA477700E10A5F /* HomeViewModel.swift in Sources */ = {isa = PBXBuildFile; fileRef = 7110D1EC26FA477700E10A5F /* HomeViewModel.swift */; };
		7110D1EF26FA4BFE00E10A5F /* ItemRowViewModel.swift in Sources */ = {isa = PBXBuildFile; fileRef = 7110D1EE26FA4BFE00E10A5F /* ItemRowViewModel.swift */; };
		71656C7A26FCE53400CE07A0 /* UnlockManager.swift in Sources */ = {isa = PBXBuildFile; fileRef = 71656C7926FCE53400CE07A0 /* UnlockManager.swift */; };
		7178C3C526F9E7D700E5B493 /* ExtensionTests.swift in Sources */ = {isa = PBXBuildFile; fileRef = 7178C3C426F9E7D700E5B493 /* ExtensionTests.swift */; };
		7178C3C826F9EB7C00E5B493 /* DecodableDictionary.json in Resources */ = {isa = PBXBuildFile; fileRef = 7178C3C726F9EB7C00E5B493 /* DecodableDictionary.json */; };
		7178C3CA26F9EBCB00E5B493 /* DecodableString.json in Resources */ = {isa = PBXBuildFile; fileRef = 7178C3C926F9EBCB00E5B493 /* DecodableString.json */; };
		7178C3CC26F9F1BB00E5B493 /* PerformanceTests.swift in Sources */ = {isa = PBXBuildFile; fileRef = 7178C3CB26F9F1BB00E5B493 /* PerformanceTests.swift */; };
		7178C3D426F9F7A200E5B493 /* UltimatePortfolioUITests.swift in Sources */ = {isa = PBXBuildFile; fileRef = 7178C3D326F9F7A200E5B493 /* UltimatePortfolioUITests.swift */; };
		7181561A26F211F20022AE75 /* CloudKit.framework in Frameworks */ = {isa = PBXBuildFile; fileRef = 7181561926F211F20022AE75 /* CloudKit.framework */; };
		7181561C26F23CCB0022AE75 /* HomeView.swift in Sources */ = {isa = PBXBuildFile; fileRef = 7181561B26F23CCB0022AE75 /* HomeView.swift */; };
		7181561E26F23D7C0022AE75 /* ProjectsView.swift in Sources */ = {isa = PBXBuildFile; fileRef = 7181561D26F23D7C0022AE75 /* ProjectsView.swift */; };
		7181562026F257280022AE75 /* Item-CoreDataHelpers.swift in Sources */ = {isa = PBXBuildFile; fileRef = 7181561F26F257280022AE75 /* Item-CoreDataHelpers.swift */; };
		7181562226F257EA0022AE75 /* Project-CoreDataHelpers.swift in Sources */ = {isa = PBXBuildFile; fileRef = 7181562126F257EA0022AE75 /* Project-CoreDataHelpers.swift */; };
		7181562426F36AB90022AE75 /* EditItemView.swift in Sources */ = {isa = PBXBuildFile; fileRef = 7181562326F36AB90022AE75 /* EditItemView.swift */; };
		7181562626F36F250022AE75 /* ItemRowView.swift in Sources */ = {isa = PBXBuildFile; fileRef = 7181562526F36F250022AE75 /* ItemRowView.swift */; };
		7181562826F391B80022AE75 /* Binding-OnChange.swift in Sources */ = {isa = PBXBuildFile; fileRef = 7181562726F391B80022AE75 /* Binding-OnChange.swift */; };
		7181562A26F398840022AE75 /* ProjectHeaderView.swift in Sources */ = {isa = PBXBuildFile; fileRef = 7181562926F398840022AE75 /* ProjectHeaderView.swift */; };
		7181562C26F39C350022AE75 /* Colors.xcassets in Resources */ = {isa = PBXBuildFile; fileRef = 7181562B26F39C350022AE75 /* Colors.xcassets */; };
		7181562E26F39DCC0022AE75 /* EditProjectView.swift in Sources */ = {isa = PBXBuildFile; fileRef = 7181562D26F39DCC0022AE75 /* EditProjectView.swift */; };
		7181563026F4BFF00022AE75 /* Sequence-Sorting.swift in Sources */ = {isa = PBXBuildFile; fileRef = 7181562F26F4BFF00022AE75 /* Sequence-Sorting.swift */; };
		7181563226F4E2170022AE75 /* SelectSomethingView.swift in Sources */ = {isa = PBXBuildFile; fileRef = 7181563126F4E2170022AE75 /* SelectSomethingView.swift */; };
		7181563426F4E8910022AE75 /* Bundle-Decodable.swift in Sources */ = {isa = PBXBuildFile; fileRef = 7181563326F4E8910022AE75 /* Bundle-Decodable.swift */; };
		7181563826F4EB750022AE75 /* Award.swift in Sources */ = {isa = PBXBuildFile; fileRef = 7181563726F4EB750022AE75 /* Award.swift */; };
		7181563A26F4EC350022AE75 /* AwardsView.swift in Sources */ = {isa = PBXBuildFile; fileRef = 7181563926F4EC350022AE75 /* AwardsView.swift */; };
		7181563C26F4F5690022AE75 /* Color-Additions.swift in Sources */ = {isa = PBXBuildFile; fileRef = 7181563B26F4F5690022AE75 /* Color-Additions.swift */; };
		7181564426F655B50022AE75 /* Localizable.strings in Resources */ = {isa = PBXBuildFile; fileRef = 7181564626F655B50022AE75 /* Localizable.strings */; };
		7181564A26F657020022AE75 /* Localizable.stringsdict in Resources */ = {isa = PBXBuildFile; fileRef = 7181564C26F657020022AE75 /* Localizable.stringsdict */; };
		7181564E26F6584E0022AE75 /* Awards.json in Resources */ = {isa = PBXBuildFile; fileRef = 7181565026F6584E0022AE75 /* Awards.json */; };
		7181565626F775590022AE75 /* ItemListView.swift in Sources */ = {isa = PBXBuildFile; fileRef = 7181565526F775590022AE75 /* ItemListView.swift */; };
		7181565826F776860022AE75 /* ProjectSummaryView.swift in Sources */ = {isa = PBXBuildFile; fileRef = 7181565726F776860022AE75 /* ProjectSummaryView.swift */; };
		7181566B26F8EE730022AE75 /* UltimatePortfolioTests.swift in Sources */ = {isa = PBXBuildFile; fileRef = 7181566A26F8EE730022AE75 /* UltimatePortfolioTests.swift */; };
		7181567326F8F0B50022AE75 /* AssetTests.swift in Sources */ = {isa = PBXBuildFile; fileRef = 7181567226F8F0B50022AE75 /* AssetTests.swift */; };
		7181567526F8F4170022AE75 /* ProjectTests.swift in Sources */ = {isa = PBXBuildFile; fileRef = 7181567426F8F4170022AE75 /* ProjectTests.swift */; };
		7181567726F8F75D0022AE75 /* AwardTests.swift in Sources */ = {isa = PBXBuildFile; fileRef = 7181567626F8F75D0022AE75 /* AwardTests.swift */; };
		7181567926F8FF180022AE75 /* DevelopmentTests.swift in Sources */ = {isa = PBXBuildFile; fileRef = 7181567826F8FF180022AE75 /* DevelopmentTests.swift */; };
		71B0AD6226FCF64B0079E714 /* SKProduct-LocalizedPrice.swift in Sources */ = {isa = PBXBuildFile; fileRef = 71B0AD6126FCF64B0079E714 /* SKProduct-LocalizedPrice.swift */; };
		71B0AD6426FCF8DD0079E714 /* PurchaseButton.swift in Sources */ = {isa = PBXBuildFile; fileRef = 71B0AD6326FCF8DD0079E714 /* PurchaseButton.swift */; };
		71B0AD6826FCF9E10079E714 /* ProductView.swift in Sources */ = {isa = PBXBuildFile; fileRef = 71B0AD6726FCF9E10079E714 /* ProductView.swift */; };
		71B0AD6A26FCFB720079E714 /* UnlockView.swift in Sources */ = {isa = PBXBuildFile; fileRef = 71B0AD6926FCFB720079E714 /* UnlockView.swift */; };
		71BDD00426F0F09E002CD846 /* UltimatePortfolioApp.swift in Sources */ = {isa = PBXBuildFile; fileRef = 71BDD00326F0F09E002CD846 /* UltimatePortfolioApp.swift */; };
		71BDD00626F0F09E002CD846 /* ContentView.swift in Sources */ = {isa = PBXBuildFile; fileRef = 71BDD00526F0F09E002CD846 /* ContentView.swift */; };
		71BDD00826F0F0A0002CD846 /* Assets.xcassets in Resources */ = {isa = PBXBuildFile; fileRef = 71BDD00726F0F0A0002CD846 /* Assets.xcassets */; };
		71BDD00B26F0F0A0002CD846 /* Preview Assets.xcassets in Resources */ = {isa = PBXBuildFile; fileRef = 71BDD00A26F0F0A0002CD846 /* Preview Assets.xcassets */; };
		71BDD01426F0F230002CD846 /* Main.xcdatamodeld in Sources */ = {isa = PBXBuildFile; fileRef = 71BDD01226F0F230002CD846 /* Main.xcdatamodeld */; };
		71BDD01626F0F9A2002CD846 /* DataController.swift in Sources */ = {isa = PBXBuildFile; fileRef = 71BDD01526F0F9A2002CD846 /* DataController.swift */; };
/* End PBXBuildFile section */

/* Begin PBXContainerItemProxy section */
		7178C3D726F9F7A200E5B493 /* PBXContainerItemProxy */ = {
			isa = PBXContainerItemProxy;
			containerPortal = 71BDCFF826F0F09E002CD846 /* Project object */;
			proxyType = 1;
			remoteGlobalIDString = 71BDCFFF26F0F09E002CD846;
			remoteInfo = UltimatePortfolio;
		};
		7181566D26F8EE730022AE75 /* PBXContainerItemProxy */ = {
			isa = PBXContainerItemProxy;
			containerPortal = 71BDCFF826F0F09E002CD846 /* Project object */;
			proxyType = 1;
			remoteGlobalIDString = 71BDCFFF26F0F09E002CD846;
			remoteInfo = UltimatePortfolio;
		};
/* End PBXContainerItemProxy section */

/* Begin PBXFileReference section */
		7110D1EA26FA3B6400E10A5F /* ProjectsViewModel.swift */ = {isa = PBXFileReference; lastKnownFileType = sourcecode.swift; path = ProjectsViewModel.swift; sourceTree = "<group>"; };
		7110D1EC26FA477700E10A5F /* HomeViewModel.swift */ = {isa = PBXFileReference; lastKnownFileType = sourcecode.swift; path = HomeViewModel.swift; sourceTree = "<group>"; };
		7110D1EE26FA4BFE00E10A5F /* ItemRowViewModel.swift */ = {isa = PBXFileReference; lastKnownFileType = sourcecode.swift; path = ItemRowViewModel.swift; sourceTree = "<group>"; };
		71656C7926FCE53400CE07A0 /* UnlockManager.swift */ = {isa = PBXFileReference; lastKnownFileType = sourcecode.swift; path = UnlockManager.swift; sourceTree = "<group>"; };
		71656C7B26FCE79F00CE07A0 /* Configuration.storekit */ = {isa = PBXFileReference; lastKnownFileType = text; path = Configuration.storekit; sourceTree = "<group>"; };
		7178C3C426F9E7D700E5B493 /* ExtensionTests.swift */ = {isa = PBXFileReference; lastKnownFileType = sourcecode.swift; path = ExtensionTests.swift; sourceTree = "<group>"; };
		7178C3C726F9EB7C00E5B493 /* DecodableDictionary.json */ = {isa = PBXFileReference; lastKnownFileType = text.json; path = DecodableDictionary.json; sourceTree = "<group>"; };
		7178C3C926F9EBCB00E5B493 /* DecodableString.json */ = {isa = PBXFileReference; lastKnownFileType = text.json; path = DecodableString.json; sourceTree = "<group>"; };
		7178C3CB26F9F1BB00E5B493 /* PerformanceTests.swift */ = {isa = PBXFileReference; lastKnownFileType = sourcecode.swift; name = PerformanceTests.swift; path = Fixtures/PerformanceTests.swift; sourceTree = "<group>"; };
		7178C3D126F9F7A200E5B493 /* UltimatePortfolioUITests.xctest */ = {isa = PBXFileReference; explicitFileType = wrapper.cfbundle; includeInIndex = 0; path = UltimatePortfolioUITests.xctest; sourceTree = BUILT_PRODUCTS_DIR; };
		7178C3D326F9F7A200E5B493 /* UltimatePortfolioUITests.swift */ = {isa = PBXFileReference; lastKnownFileType = sourcecode.swift; path = UltimatePortfolioUITests.swift; sourceTree = "<group>"; };
		7181561726F211CB0022AE75 /* UltimatePortfolio.entitlements */ = {isa = PBXFileReference; lastKnownFileType = text.plist.entitlements; path = UltimatePortfolio.entitlements; sourceTree = "<group>"; };
		7181561926F211F20022AE75 /* CloudKit.framework */ = {isa = PBXFileReference; lastKnownFileType = wrapper.framework; name = CloudKit.framework; path = System/Library/Frameworks/CloudKit.framework; sourceTree = SDKROOT; };
		7181561B26F23CCB0022AE75 /* HomeView.swift */ = {isa = PBXFileReference; lastKnownFileType = sourcecode.swift; path = HomeView.swift; sourceTree = "<group>"; };
		7181561D26F23D7C0022AE75 /* ProjectsView.swift */ = {isa = PBXFileReference; lastKnownFileType = sourcecode.swift; path = ProjectsView.swift; sourceTree = "<group>"; };
		7181561F26F257280022AE75 /* Item-CoreDataHelpers.swift */ = {isa = PBXFileReference; lastKnownFileType = sourcecode.swift; path = "Item-CoreDataHelpers.swift"; sourceTree = "<group>"; };
		7181562126F257EA0022AE75 /* Project-CoreDataHelpers.swift */ = {isa = PBXFileReference; lastKnownFileType = sourcecode.swift; path = "Project-CoreDataHelpers.swift"; sourceTree = "<group>"; };
		7181562326F36AB90022AE75 /* EditItemView.swift */ = {isa = PBXFileReference; lastKnownFileType = sourcecode.swift; path = EditItemView.swift; sourceTree = "<group>"; };
		7181562526F36F250022AE75 /* ItemRowView.swift */ = {isa = PBXFileReference; lastKnownFileType = sourcecode.swift; path = ItemRowView.swift; sourceTree = "<group>"; };
		7181562726F391B80022AE75 /* Binding-OnChange.swift */ = {isa = PBXFileReference; lastKnownFileType = sourcecode.swift; path = "Binding-OnChange.swift"; sourceTree = "<group>"; };
		7181562926F398840022AE75 /* ProjectHeaderView.swift */ = {isa = PBXFileReference; lastKnownFileType = sourcecode.swift; path = ProjectHeaderView.swift; sourceTree = "<group>"; };
		7181562B26F39C350022AE75 /* Colors.xcassets */ = {isa = PBXFileReference; lastKnownFileType = folder.assetcatalog; path = Colors.xcassets; sourceTree = "<group>"; };
		7181562D26F39DCC0022AE75 /* EditProjectView.swift */ = {isa = PBXFileReference; lastKnownFileType = sourcecode.swift; path = EditProjectView.swift; sourceTree = "<group>"; };
		7181562F26F4BFF00022AE75 /* Sequence-Sorting.swift */ = {isa = PBXFileReference; lastKnownFileType = sourcecode.swift; path = "Sequence-Sorting.swift"; sourceTree = "<group>"; };
		7181563126F4E2170022AE75 /* SelectSomethingView.swift */ = {isa = PBXFileReference; lastKnownFileType = sourcecode.swift; path = SelectSomethingView.swift; sourceTree = "<group>"; };
		7181563326F4E8910022AE75 /* Bundle-Decodable.swift */ = {isa = PBXFileReference; lastKnownFileType = sourcecode.swift; path = "Bundle-Decodable.swift"; sourceTree = "<group>"; };
		7181563726F4EB750022AE75 /* Award.swift */ = {isa = PBXFileReference; lastKnownFileType = sourcecode.swift; path = Award.swift; sourceTree = "<group>"; };
		7181563926F4EC350022AE75 /* AwardsView.swift */ = {isa = PBXFileReference; lastKnownFileType = sourcecode.swift; path = AwardsView.swift; sourceTree = "<group>"; };
		7181563B26F4F5690022AE75 /* Color-Additions.swift */ = {isa = PBXFileReference; lastKnownFileType = sourcecode.swift; path = "Color-Additions.swift"; sourceTree = "<group>"; };
		7181564526F655B50022AE75 /* en */ = {isa = PBXFileReference; lastKnownFileType = text.plist.strings; name = en; path = en.lproj/Localizable.strings; sourceTree = "<group>"; };
		7181564926F6561C0022AE75 /* hu */ = {isa = PBXFileReference; lastKnownFileType = text.plist.strings; name = hu; path = hu.lproj/Localizable.strings; sourceTree = "<group>"; };
		7181564B26F657020022AE75 /* en */ = {isa = PBXFileReference; lastKnownFileType = text.plist.stringsdict; name = en; path = en.lproj/Localizable.stringsdict; sourceTree = "<group>"; };
		7181564D26F6570D0022AE75 /* hu */ = {isa = PBXFileReference; lastKnownFileType = text.plist.stringsdict; name = hu; path = hu.lproj/Localizable.stringsdict; sourceTree = "<group>"; };
		7181564F26F6584E0022AE75 /* en */ = {isa = PBXFileReference; lastKnownFileType = text.json; name = en; path = en.lproj/Awards.json; sourceTree = "<group>"; };
		7181565126F658520022AE75 /* hu */ = {isa = PBXFileReference; lastKnownFileType = text.json; name = hu; path = hu.lproj/Awards.json; sourceTree = "<group>"; };
		7181565226F658C20022AE75 /* fr */ = {isa = PBXFileReference; lastKnownFileType = text.plist.strings; name = fr; path = fr.lproj/Localizable.strings; sourceTree = "<group>"; };
		7181565326F658C20022AE75 /* fr */ = {isa = PBXFileReference; lastKnownFileType = text.plist.stringsdict; name = fr; path = fr.lproj/Localizable.stringsdict; sourceTree = "<group>"; };
		7181565426F658C20022AE75 /* fr */ = {isa = PBXFileReference; lastKnownFileType = text.json; name = fr; path = fr.lproj/Awards.json; sourceTree = "<group>"; };
		7181565526F775590022AE75 /* ItemListView.swift */ = {isa = PBXFileReference; lastKnownFileType = sourcecode.swift; path = ItemListView.swift; sourceTree = "<group>"; };
		7181565726F776860022AE75 /* ProjectSummaryView.swift */ = {isa = PBXFileReference; lastKnownFileType = sourcecode.swift; path = ProjectSummaryView.swift; sourceTree = "<group>"; };
		7181566826F8EE730022AE75 /* UltimatePortfolioTests.xctest */ = {isa = PBXFileReference; explicitFileType = wrapper.cfbundle; includeInIndex = 0; path = UltimatePortfolioTests.xctest; sourceTree = BUILT_PRODUCTS_DIR; };
		7181566A26F8EE730022AE75 /* UltimatePortfolioTests.swift */ = {isa = PBXFileReference; lastKnownFileType = sourcecode.swift; path = UltimatePortfolioTests.swift; sourceTree = "<group>"; };
		7181566C26F8EE730022AE75 /* Info.plist */ = {isa = PBXFileReference; lastKnownFileType = text.plist.xml; path = Info.plist; sourceTree = "<group>"; };
		7181567226F8F0B50022AE75 /* AssetTests.swift */ = {isa = PBXFileReference; lastKnownFileType = sourcecode.swift; name = AssetTests.swift; path = UltimatePortfolio/AssetTests.swift; sourceTree = SOURCE_ROOT; };
		7181567426F8F4170022AE75 /* ProjectTests.swift */ = {isa = PBXFileReference; lastKnownFileType = sourcecode.swift; path = ProjectTests.swift; sourceTree = "<group>"; };
		7181567626F8F75D0022AE75 /* AwardTests.swift */ = {isa = PBXFileReference; lastKnownFileType = sourcecode.swift; path = AwardTests.swift; sourceTree = "<group>"; };
		7181567826F8FF180022AE75 /* DevelopmentTests.swift */ = {isa = PBXFileReference; lastKnownFileType = sourcecode.swift; path = DevelopmentTests.swift; sourceTree = "<group>"; };
		71B0AD6126FCF64B0079E714 /* SKProduct-LocalizedPrice.swift */ = {isa = PBXFileReference; lastKnownFileType = sourcecode.swift; path = "SKProduct-LocalizedPrice.swift"; sourceTree = "<group>"; };
		71B0AD6326FCF8DD0079E714 /* PurchaseButton.swift */ = {isa = PBXFileReference; lastKnownFileType = sourcecode.swift; path = PurchaseButton.swift; sourceTree = "<group>"; };
		71B0AD6726FCF9E10079E714 /* ProductView.swift */ = {isa = PBXFileReference; lastKnownFileType = sourcecode.swift; path = ProductView.swift; sourceTree = "<group>"; };
		71B0AD6926FCFB720079E714 /* UnlockView.swift */ = {isa = PBXFileReference; lastKnownFileType = sourcecode.swift; path = UnlockView.swift; sourceTree = "<group>"; };
		71BDD00026F0F09E002CD846 /* UltimatePortfolio.app */ = {isa = PBXFileReference; explicitFileType = wrapper.application; includeInIndex = 0; path = UltimatePortfolio.app; sourceTree = BUILT_PRODUCTS_DIR; };
		71BDD00326F0F09E002CD846 /* UltimatePortfolioApp.swift */ = {isa = PBXFileReference; lastKnownFileType = sourcecode.swift; path = UltimatePortfolioApp.swift; sourceTree = "<group>"; };
		71BDD00526F0F09E002CD846 /* ContentView.swift */ = {isa = PBXFileReference; lastKnownFileType = sourcecode.swift; path = ContentView.swift; sourceTree = "<group>"; };
		71BDD00726F0F0A0002CD846 /* Assets.xcassets */ = {isa = PBXFileReference; lastKnownFileType = folder.assetcatalog; path = Assets.xcassets; sourceTree = "<group>"; };
		71BDD00A26F0F0A0002CD846 /* Preview Assets.xcassets */ = {isa = PBXFileReference; lastKnownFileType = folder.assetcatalog; path = "Preview Assets.xcassets"; sourceTree = "<group>"; };
		71BDD00C26F0F0A0002CD846 /* Info.plist */ = {isa = PBXFileReference; lastKnownFileType = text.plist.xml; path = Info.plist; sourceTree = "<group>"; };
		71BDD01326F0F230002CD846 /* Main.xcdatamodel */ = {isa = PBXFileReference; lastKnownFileType = wrapper.xcdatamodel; path = Main.xcdatamodel; sourceTree = "<group>"; };
		71BDD01526F0F9A2002CD846 /* DataController.swift */ = {isa = PBXFileReference; lastKnownFileType = sourcecode.swift; path = DataController.swift; sourceTree = "<group>"; };
/* End PBXFileReference section */

/* Begin PBXFrameworksBuildPhase section */
		7178C3CE26F9F7A200E5B493 /* Frameworks */ = {
			isa = PBXFrameworksBuildPhase;
			buildActionMask = 2147483647;
			files = (
			);
			runOnlyForDeploymentPostprocessing = 0;
		};
		7181566526F8EE730022AE75 /* Frameworks */ = {
			isa = PBXFrameworksBuildPhase;
			buildActionMask = 2147483647;
			files = (
			);
			runOnlyForDeploymentPostprocessing = 0;
		};
		71BDCFFD26F0F09E002CD846 /* Frameworks */ = {
			isa = PBXFrameworksBuildPhase;
			buildActionMask = 2147483647;
			files = (
				7181561A26F211F20022AE75 /* CloudKit.framework in Frameworks */,
			);
			runOnlyForDeploymentPostprocessing = 0;
		};
/* End PBXFrameworksBuildPhase section */

/* Begin PBXGroup section */
		7178C3C626F9EB5C00E5B493 /* Fixtures */ = {
			isa = PBXGroup;
			children = (
				7178C3C726F9EB7C00E5B493 /* DecodableDictionary.json */,
				7178C3C926F9EBCB00E5B493 /* DecodableString.json */,
			);
			path = Fixtures;
			sourceTree = "<group>";
		};
		7178C3D226F9F7A200E5B493 /* UltimatePortfolioUITests */ = {
			isa = PBXGroup;
			children = (
				7178C3D326F9F7A200E5B493 /* UltimatePortfolioUITests.swift */,
			);
			path = UltimatePortfolioUITests;
			sourceTree = "<group>";
		};
		7181561826F211F20022AE75 /* Frameworks */ = {
			isa = PBXGroup;
			children = (
				7181561926F211F20022AE75 /* CloudKit.framework */,
			);
			name = Frameworks;
			sourceTree = "<group>";
		};
		7181565A26F8C8F50022AE75 /* Configuration */ = {
			isa = PBXGroup;
			children = (
				71BDD00C26F0F0A0002CD846 /* Info.plist */,
				71BDD01226F0F230002CD846 /* Main.xcdatamodeld */,
				7181561726F211CB0022AE75 /* UltimatePortfolio.entitlements */,
				71656C7B26FCE79F00CE07A0 /* Configuration.storekit */,
			);
			path = Configuration;
			sourceTree = "<group>";
		};
		7181565B26F8C9010022AE75 /* Localization */ = {
			isa = PBXGroup;
			children = (
				7181564626F655B50022AE75 /* Localizable.strings */,
				7181564C26F657020022AE75 /* Localizable.stringsdict */,
			);
			path = Localization;
			sourceTree = "<group>";
		};
		7181565C26F8C90C0022AE75 /* Extensions */ = {
			isa = PBXGroup;
			children = (
				7181561F26F257280022AE75 /* Item-CoreDataHelpers.swift */,
				7181562126F257EA0022AE75 /* Project-CoreDataHelpers.swift */,
				7181562726F391B80022AE75 /* Binding-OnChange.swift */,
				7181563326F4E8910022AE75 /* Bundle-Decodable.swift */,
				7181563B26F4F5690022AE75 /* Color-Additions.swift */,
				7181562F26F4BFF00022AE75 /* Sequence-Sorting.swift */,
				71B0AD6126FCF64B0079E714 /* SKProduct-LocalizedPrice.swift */,
			);
			path = Extensions;
			sourceTree = "<group>";
		};
		7181566026F8CB350022AE75 /* Activities */ = {
			isa = PBXGroup;
			children = (
				7181566126F8CB470022AE75 /* Home */,
				7181566226F8CB4F0022AE75 /* Projects */,
				7181566326F8CB570022AE75 /* Awards */,
				71B0AD6B26FD01B80079E714 /* Unlock */,
			);
			path = Activities;
			sourceTree = "<group>";
		};
		7181566126F8CB470022AE75 /* Home */ = {
			isa = PBXGroup;
			children = (
				7181561B26F23CCB0022AE75 /* HomeView.swift */,
				7110D1EC26FA477700E10A5F /* HomeViewModel.swift */,
				7181565526F775590022AE75 /* ItemListView.swift */,
				7181565726F776860022AE75 /* ProjectSummaryView.swift */,
			);
			path = Home;
			sourceTree = "<group>";
		};
		7181566226F8CB4F0022AE75 /* Projects */ = {
			isa = PBXGroup;
			children = (
				7181561D26F23D7C0022AE75 /* ProjectsView.swift */,
				7110D1EA26FA3B6400E10A5F /* ProjectsViewModel.swift */,
				7181563126F4E2170022AE75 /* SelectSomethingView.swift */,
				7181562926F398840022AE75 /* ProjectHeaderView.swift */,
				7181562526F36F250022AE75 /* ItemRowView.swift */,
				7110D1EE26FA4BFE00E10A5F /* ItemRowViewModel.swift */,
				7181562D26F39DCC0022AE75 /* EditProjectView.swift */,
				7181562326F36AB90022AE75 /* EditItemView.swift */,
			);
			path = Projects;
			sourceTree = "<group>";
		};
		7181566326F8CB570022AE75 /* Awards */ = {
			isa = PBXGroup;
			children = (
				7181563926F4EC350022AE75 /* AwardsView.swift */,
				7181563726F4EB750022AE75 /* Award.swift */,
				7181565026F6584E0022AE75 /* Awards.json */,
			);
			path = Awards;
			sourceTree = "<group>";
		};
		7181566926F8EE730022AE75 /* UltimatePortfolioTests */ = {
			isa = PBXGroup;
			children = (
				7178C3C626F9EB5C00E5B493 /* Fixtures */,
				7181566A26F8EE730022AE75 /* UltimatePortfolioTests.swift */,
				7181567226F8F0B50022AE75 /* AssetTests.swift */,
				7181567426F8F4170022AE75 /* ProjectTests.swift */,
				7181567626F8F75D0022AE75 /* AwardTests.swift */,
				7181567826F8FF180022AE75 /* DevelopmentTests.swift */,
				7178C3C426F9E7D700E5B493 /* ExtensionTests.swift */,
				7178C3CB26F9F1BB00E5B493 /* PerformanceTests.swift */,
				7181566C26F8EE730022AE75 /* Info.plist */,
			);
			path = UltimatePortfolioTests;
			sourceTree = "<group>";
		};
		71B0AD6B26FD01B80079E714 /* Unlock */ = {
			isa = PBXGroup;
			children = (
				71B0AD6726FCF9E10079E714 /* ProductView.swift */,
				71B0AD6326FCF8DD0079E714 /* PurchaseButton.swift */,
				71656C7926FCE53400CE07A0 /* UnlockManager.swift */,
				71B0AD6926FCFB720079E714 /* UnlockView.swift */,
			);
			path = Unlock;
			sourceTree = "<group>";
		};
		71BDCFF726F0F09E002CD846 = {
			isa = PBXGroup;
			children = (
				71BDD00226F0F09E002CD846 /* UltimatePortfolio */,
				7181566926F8EE730022AE75 /* UltimatePortfolioTests */,
				7178C3D226F9F7A200E5B493 /* UltimatePortfolioUITests */,
				71BDD00126F0F09E002CD846 /* Products */,
				7181561826F211F20022AE75 /* Frameworks */,
			);
			sourceTree = "<group>";
		};
		71BDD00126F0F09E002CD846 /* Products */ = {
			isa = PBXGroup;
			children = (
				71BDD00026F0F09E002CD846 /* UltimatePortfolio.app */,
				7181566826F8EE730022AE75 /* UltimatePortfolioTests.xctest */,
				7178C3D126F9F7A200E5B493 /* UltimatePortfolioUITests.xctest */,
			);
			name = Products;
			sourceTree = "<group>";
		};
		71BDD00226F0F09E002CD846 /* UltimatePortfolio */ = {
			isa = PBXGroup;
			children = (
				7181566026F8CB350022AE75 /* Activities */,
				7181565C26F8C90C0022AE75 /* Extensions */,
				7181565B26F8C9010022AE75 /* Localization */,
				7181565A26F8C8F50022AE75 /* Configuration */,
				71BDD00326F0F09E002CD846 /* UltimatePortfolioApp.swift */,
				71BDD01526F0F9A2002CD846 /* DataController.swift */,
				71BDD00526F0F09E002CD846 /* ContentView.swift */,
				71BDD00726F0F0A0002CD846 /* Assets.xcassets */,
				7181562B26F39C350022AE75 /* Colors.xcassets */,
				71BDD00926F0F0A0002CD846 /* Preview Content */,
			);
			path = UltimatePortfolio;
			sourceTree = "<group>";
		};
		71BDD00926F0F0A0002CD846 /* Preview Content */ = {
			isa = PBXGroup;
			children = (
				71BDD00A26F0F0A0002CD846 /* Preview Assets.xcassets */,
			);
			path = "Preview Content";
			sourceTree = "<group>";
		};
/* End PBXGroup section */

/* Begin PBXNativeTarget section */
		7178C3D026F9F7A200E5B493 /* UltimatePortfolioUITests */ = {
			isa = PBXNativeTarget;
			buildConfigurationList = 7178C3D926F9F7A200E5B493 /* Build configuration list for PBXNativeTarget "UltimatePortfolioUITests" */;
			buildPhases = (
				7178C3CD26F9F7A200E5B493 /* Sources */,
				7178C3CE26F9F7A200E5B493 /* Frameworks */,
				7178C3CF26F9F7A200E5B493 /* Resources */,
			);
			buildRules = (
			);
			dependencies = (
				7178C3D826F9F7A200E5B493 /* PBXTargetDependency */,
			);
			name = UltimatePortfolioUITests;
			productName = UltimatePortfolioUITests;
			productReference = 7178C3D126F9F7A200E5B493 /* UltimatePortfolioUITests.xctest */;
			productType = "com.apple.product-type.bundle.ui-testing";
		};
		7181566726F8EE730022AE75 /* UltimatePortfolioTests */ = {
			isa = PBXNativeTarget;
			buildConfigurationList = 7181566F26F8EE730022AE75 /* Build configuration list for PBXNativeTarget "UltimatePortfolioTests" */;
			buildPhases = (
				7181566426F8EE730022AE75 /* Sources */,
				7181566526F8EE730022AE75 /* Frameworks */,
				7181566626F8EE730022AE75 /* Resources */,
			);
			buildRules = (
			);
			dependencies = (
				7181566E26F8EE730022AE75 /* PBXTargetDependency */,
			);
			name = UltimatePortfolioTests;
			productName = UltimatePortfolioTests;
			productReference = 7181566826F8EE730022AE75 /* UltimatePortfolioTests.xctest */;
			productType = "com.apple.product-type.bundle.unit-test";
		};
		71BDCFFF26F0F09E002CD846 /* UltimatePortfolio */ = {
			isa = PBXNativeTarget;
			buildConfigurationList = 71BDD00F26F0F0A0002CD846 /* Build configuration list for PBXNativeTarget "UltimatePortfolio" */;
			buildPhases = (
				7181565926F7B6680022AE75 /* SwiftLint */,
				71BDCFFC26F0F09E002CD846 /* Sources */,
				71BDCFFD26F0F09E002CD846 /* Frameworks */,
				71BDCFFE26F0F09E002CD846 /* Resources */,
			);
			buildRules = (
			);
			dependencies = (
			);
			name = UltimatePortfolio;
			productName = UltimatePortfolio;
			productReference = 71BDD00026F0F09E002CD846 /* UltimatePortfolio.app */;
			productType = "com.apple.product-type.application";
		};
/* End PBXNativeTarget section */

/* Begin PBXProject section */
		71BDCFF826F0F09E002CD846 /* Project object */ = {
			isa = PBXProject;
			attributes = {
				LastSwiftUpdateCheck = 1300;
				LastUpgradeCheck = 1300;
				TargetAttributes = {
					7178C3D026F9F7A200E5B493 = {
						CreatedOnToolsVersion = 13.0;
						TestTargetID = 71BDCFFF26F0F09E002CD846;
					};
					7181566726F8EE730022AE75 = {
						CreatedOnToolsVersion = 12.5.1;
						TestTargetID = 71BDCFFF26F0F09E002CD846;
					};
					71BDCFFF26F0F09E002CD846 = {
						CreatedOnToolsVersion = 12.5.1;
					};
				};
			};
			buildConfigurationList = 71BDCFFB26F0F09E002CD846 /* Build configuration list for PBXProject "UltimatePortfolio" */;
			compatibilityVersion = "Xcode 9.3";
			developmentRegion = en;
			hasScannedForEncodings = 0;
			knownRegions = (
				en,
				Base,
				hu,
				fr,
			);
			mainGroup = 71BDCFF726F0F09E002CD846;
			productRefGroup = 71BDD00126F0F09E002CD846 /* Products */;
			projectDirPath = "";
			projectRoot = "";
			targets = (
				71BDCFFF26F0F09E002CD846 /* UltimatePortfolio */,
				7181566726F8EE730022AE75 /* UltimatePortfolioTests */,
				7178C3D026F9F7A200E5B493 /* UltimatePortfolioUITests */,
			);
		};
/* End PBXProject section */

/* Begin PBXResourcesBuildPhase section */
		7178C3CF26F9F7A200E5B493 /* Resources */ = {
			isa = PBXResourcesBuildPhase;
			buildActionMask = 2147483647;
			files = (
			);
			runOnlyForDeploymentPostprocessing = 0;
		};
		7181566626F8EE730022AE75 /* Resources */ = {
			isa = PBXResourcesBuildPhase;
			buildActionMask = 2147483647;
			files = (
				7178C3CA26F9EBCB00E5B493 /* DecodableString.json in Resources */,
				7178C3C826F9EB7C00E5B493 /* DecodableDictionary.json in Resources */,
			);
			runOnlyForDeploymentPostprocessing = 0;
		};
		71BDCFFE26F0F09E002CD846 /* Resources */ = {
			isa = PBXResourcesBuildPhase;
			buildActionMask = 2147483647;
			files = (
				7181564426F655B50022AE75 /* Localizable.strings in Resources */,
				7181562C26F39C350022AE75 /* Colors.xcassets in Resources */,
				7181564E26F6584E0022AE75 /* Awards.json in Resources */,
				71BDD00B26F0F0A0002CD846 /* Preview Assets.xcassets in Resources */,
				71BDD00826F0F0A0002CD846 /* Assets.xcassets in Resources */,
				7181564A26F657020022AE75 /* Localizable.stringsdict in Resources */,
			);
			runOnlyForDeploymentPostprocessing = 0;
		};
/* End PBXResourcesBuildPhase section */

/* Begin PBXShellScriptBuildPhase section */
		7181565926F7B6680022AE75 /* SwiftLint */ = {
			isa = PBXShellScriptBuildPhase;
			buildActionMask = 2147483647;
			files = (
			);
			inputFileListPaths = (
			);
			inputPaths = (
			);
			name = SwiftLint;
			outputFileListPaths = (
			);
			outputPaths = (
			);
			runOnlyForDeploymentPostprocessing = 0;
			shellPath = /bin/sh;
			shellScript = "if which swiftlint >/dev/null; then\n  swiftlint\nelse\n  echo \"warning: SwiftLint not installed, download from https://github.com/realm/SwiftLint\"\nfi\n";
		};
/* End PBXShellScriptBuildPhase section */

/* Begin PBXSourcesBuildPhase section */
		7178C3CD26F9F7A200E5B493 /* Sources */ = {
			isa = PBXSourcesBuildPhase;
			buildActionMask = 2147483647;
			files = (
				7178C3D426F9F7A200E5B493 /* UltimatePortfolioUITests.swift in Sources */,
			);
			runOnlyForDeploymentPostprocessing = 0;
		};
		7181566426F8EE730022AE75 /* Sources */ = {
			isa = PBXSourcesBuildPhase;
			buildActionMask = 2147483647;
			files = (
				7178C3CC26F9F1BB00E5B493 /* PerformanceTests.swift in Sources */,
				7181567326F8F0B50022AE75 /* AssetTests.swift in Sources */,
				7181567726F8F75D0022AE75 /* AwardTests.swift in Sources */,
				7181566B26F8EE730022AE75 /* UltimatePortfolioTests.swift in Sources */,
				7178C3C526F9E7D700E5B493 /* ExtensionTests.swift in Sources */,
				7181567526F8F4170022AE75 /* ProjectTests.swift in Sources */,
				7181567926F8FF180022AE75 /* DevelopmentTests.swift in Sources */,
			);
			runOnlyForDeploymentPostprocessing = 0;
		};
		71BDCFFC26F0F09E002CD846 /* Sources */ = {
			isa = PBXSourcesBuildPhase;
			buildActionMask = 2147483647;
			files = (
				7181561E26F23D7C0022AE75 /* ProjectsView.swift in Sources */,
				7181565826F776860022AE75 /* ProjectSummaryView.swift in Sources */,
				71B0AD6426FCF8DD0079E714 /* PurchaseButton.swift in Sources */,
				7181562A26F398840022AE75 /* ProjectHeaderView.swift in Sources */,
				71B0AD6826FCF9E10079E714 /* ProductView.swift in Sources */,
				7181563A26F4EC350022AE75 /* AwardsView.swift in Sources */,
				71BDD01426F0F230002CD846 /* Main.xcdatamodeld in Sources */,
				7110D1ED26FA477700E10A5F /* HomeViewModel.swift in Sources */,
				71656C7A26FCE53400CE07A0 /* UnlockManager.swift in Sources */,
				7181562226F257EA0022AE75 /* Project-CoreDataHelpers.swift in Sources */,
				7181563C26F4F5690022AE75 /* Color-Additions.swift in Sources */,
				7181562E26F39DCC0022AE75 /* EditProjectView.swift in Sources */,
				71BDD01626F0F9A2002CD846 /* DataController.swift in Sources */,
				7181563226F4E2170022AE75 /* SelectSomethingView.swift in Sources */,
				7181563826F4EB750022AE75 /* Award.swift in Sources */,
				7181562626F36F250022AE75 /* ItemRowView.swift in Sources */,
				71B0AD6A26FCFB720079E714 /* UnlockView.swift in Sources */,
				71BDD00626F0F09E002CD846 /* ContentView.swift in Sources */,
				7181562826F391B80022AE75 /* Binding-OnChange.swift in Sources */,
				7181563026F4BFF00022AE75 /* Sequence-Sorting.swift in Sources */,
				7181563426F4E8910022AE75 /* Bundle-Decodable.swift in Sources */,
				7181565626F775590022AE75 /* ItemListView.swift in Sources */,
				7181561C26F23CCB0022AE75 /* HomeView.swift in Sources */,
				71BDD00426F0F09E002CD846 /* UltimatePortfolioApp.swift in Sources */,
				7110D1EF26FA4BFE00E10A5F /* ItemRowViewModel.swift in Sources */,
				7181562026F257280022AE75 /* Item-CoreDataHelpers.swift in Sources */,
				71B0AD6226FCF64B0079E714 /* SKProduct-LocalizedPrice.swift in Sources */,
				7110D1EB26FA3B6400E10A5F /* ProjectsViewModel.swift in Sources */,
				7181562426F36AB90022AE75 /* EditItemView.swift in Sources */,
			);
			runOnlyForDeploymentPostprocessing = 0;
		};
/* End PBXSourcesBuildPhase section */

/* Begin PBXTargetDependency section */
		7178C3D826F9F7A200E5B493 /* PBXTargetDependency */ = {
			isa = PBXTargetDependency;
			target = 71BDCFFF26F0F09E002CD846 /* UltimatePortfolio */;
			targetProxy = 7178C3D726F9F7A200E5B493 /* PBXContainerItemProxy */;
		};
		7181566E26F8EE730022AE75 /* PBXTargetDependency */ = {
			isa = PBXTargetDependency;
			target = 71BDCFFF26F0F09E002CD846 /* UltimatePortfolio */;
			targetProxy = 7181566D26F8EE730022AE75 /* PBXContainerItemProxy */;
		};
/* End PBXTargetDependency section */

/* Begin PBXVariantGroup section */
		7181564626F655B50022AE75 /* Localizable.strings */ = {
			isa = PBXVariantGroup;
			children = (
				7181564526F655B50022AE75 /* en */,
				7181564926F6561C0022AE75 /* hu */,
				7181565226F658C20022AE75 /* fr */,
			);
			name = Localizable.strings;
			sourceTree = "<group>";
		};
		7181564C26F657020022AE75 /* Localizable.stringsdict */ = {
			isa = PBXVariantGroup;
			children = (
				7181564B26F657020022AE75 /* en */,
				7181564D26F6570D0022AE75 /* hu */,
				7181565326F658C20022AE75 /* fr */,
			);
			name = Localizable.stringsdict;
			sourceTree = "<group>";
		};
		7181565026F6584E0022AE75 /* Awards.json */ = {
			isa = PBXVariantGroup;
			children = (
				7181564F26F6584E0022AE75 /* en */,
				7181565126F658520022AE75 /* hu */,
				7181565426F658C20022AE75 /* fr */,
			);
			name = Awards.json;
			sourceTree = "<group>";
		};
/* End PBXVariantGroup section */

/* Begin XCBuildConfiguration section */
		7178C3DA26F9F7A200E5B493 /* Debug */ = {
			isa = XCBuildConfiguration;
			buildSettings = {
				CLANG_CXX_LANGUAGE_STANDARD = "gnu++17";
				CODE_SIGN_STYLE = Automatic;
				CURRENT_PROJECT_VERSION = 1;
				DEVELOPMENT_TEAM = M6Z8JUW5F9;
				GENERATE_INFOPLIST_FILE = YES;
				IPHONEOS_DEPLOYMENT_TARGET = 15.0;
				LD_RUNPATH_SEARCH_PATHS = (
					"$(inherited)",
					"@executable_path/Frameworks",
					"@loader_path/Frameworks",
				);
				MARKETING_VERSION = 1.0;
				PRODUCT_BUNDLE_IDENTIFIER = com.konrad.cureau.UltimatePortfolioUITests;
				PRODUCT_NAME = "$(TARGET_NAME)";
				SWIFT_EMIT_LOC_STRINGS = NO;
				SWIFT_VERSION = 5.0;
				TARGETED_DEVICE_FAMILY = "1,2";
				TEST_TARGET_NAME = UltimatePortfolio;
			};
			name = Debug;
		};
		7178C3DB26F9F7A200E5B493 /* Release */ = {
			isa = XCBuildConfiguration;
			buildSettings = {
				CLANG_CXX_LANGUAGE_STANDARD = "gnu++17";
				CODE_SIGN_STYLE = Automatic;
				CURRENT_PROJECT_VERSION = 1;
				DEVELOPMENT_TEAM = M6Z8JUW5F9;
				GENERATE_INFOPLIST_FILE = YES;
				IPHONEOS_DEPLOYMENT_TARGET = 15.0;
				LD_RUNPATH_SEARCH_PATHS = (
					"$(inherited)",
					"@executable_path/Frameworks",
					"@loader_path/Frameworks",
				);
				MARKETING_VERSION = 1.0;
				PRODUCT_BUNDLE_IDENTIFIER = com.konrad.cureau.UltimatePortfolioUITests;
				PRODUCT_NAME = "$(TARGET_NAME)";
				SWIFT_EMIT_LOC_STRINGS = NO;
				SWIFT_VERSION = 5.0;
				TARGETED_DEVICE_FAMILY = "1,2";
				TEST_TARGET_NAME = UltimatePortfolio;
			};
			name = Release;
		};
		7181567026F8EE730022AE75 /* Debug */ = {
			isa = XCBuildConfiguration;
			buildSettings = {
				BUNDLE_LOADER = "$(TEST_HOST)";
				CODE_SIGN_STYLE = Automatic;
				DEVELOPMENT_TEAM = M6Z8JUW5F9;
				INFOPLIST_FILE = UltimatePortfolioTests/Info.plist;
				LD_RUNPATH_SEARCH_PATHS = (
					"$(inherited)",
					"@executable_path/Frameworks",
					"@loader_path/Frameworks",
				);
				PRODUCT_BUNDLE_IDENTIFIER = com.konrad.cureau.UltimatePortfolioTests;
				PRODUCT_NAME = "$(TARGET_NAME)";
				SWIFT_VERSION = 5.0;
				TARGETED_DEVICE_FAMILY = "1,2";
				TEST_HOST = "$(BUILT_PRODUCTS_DIR)/UltimatePortfolio.app/UltimatePortfolio";
			};
			name = Debug;
		};
		7181567126F8EE730022AE75 /* Release */ = {
			isa = XCBuildConfiguration;
			buildSettings = {
				BUNDLE_LOADER = "$(TEST_HOST)";
				CODE_SIGN_STYLE = Automatic;
				DEVELOPMENT_TEAM = M6Z8JUW5F9;
				INFOPLIST_FILE = UltimatePortfolioTests/Info.plist;
				LD_RUNPATH_SEARCH_PATHS = (
					"$(inherited)",
					"@executable_path/Frameworks",
					"@loader_path/Frameworks",
				);
				PRODUCT_BUNDLE_IDENTIFIER = com.konrad.cureau.UltimatePortfolioTests;
				PRODUCT_NAME = "$(TARGET_NAME)";
				SWIFT_VERSION = 5.0;
				TARGETED_DEVICE_FAMILY = "1,2";
				TEST_HOST = "$(BUILT_PRODUCTS_DIR)/UltimatePortfolio.app/UltimatePortfolio";
			};
			name = Release;
		};
		71BDD00D26F0F0A0002CD846 /* Debug */ = {
			isa = XCBuildConfiguration;
			buildSettings = {
				ALWAYS_SEARCH_USER_PATHS = NO;
				CLANG_ANALYZER_LOCALIZABILITY_NONLOCALIZED = YES;
				CLANG_ANALYZER_NONNULL = YES;
				CLANG_ANALYZER_NUMBER_OBJECT_CONVERSION = YES_AGGRESSIVE;
				CLANG_CXX_LANGUAGE_STANDARD = "gnu++14";
				CLANG_CXX_LIBRARY = "libc++";
				CLANG_ENABLE_MODULES = YES;
				CLANG_ENABLE_OBJC_ARC = YES;
				CLANG_ENABLE_OBJC_WEAK = YES;
				CLANG_WARN_BLOCK_CAPTURE_AUTORELEASING = YES;
				CLANG_WARN_BOOL_CONVERSION = YES;
				CLANG_WARN_COMMA = YES;
				CLANG_WARN_CONSTANT_CONVERSION = YES;
				CLANG_WARN_DEPRECATED_OBJC_IMPLEMENTATIONS = YES;
				CLANG_WARN_DIRECT_OBJC_ISA_USAGE = YES_ERROR;
				CLANG_WARN_DOCUMENTATION_COMMENTS = YES;
				CLANG_WARN_EMPTY_BODY = YES;
				CLANG_WARN_ENUM_CONVERSION = YES;
				CLANG_WARN_INFINITE_RECURSION = YES;
				CLANG_WARN_INT_CONVERSION = YES;
				CLANG_WARN_NON_LITERAL_NULL_CONVERSION = YES;
				CLANG_WARN_OBJC_IMPLICIT_RETAIN_SELF = YES;
				CLANG_WARN_OBJC_LITERAL_CONVERSION = YES;
				CLANG_WARN_OBJC_ROOT_CLASS = YES_ERROR;
				CLANG_WARN_QUOTED_INCLUDE_IN_FRAMEWORK_HEADER = YES;
				CLANG_WARN_RANGE_LOOP_ANALYSIS = YES;
				CLANG_WARN_STRICT_PROTOTYPES = YES;
				CLANG_WARN_SUSPICIOUS_MOVE = YES;
				CLANG_WARN_UNGUARDED_AVAILABILITY = YES_AGGRESSIVE;
				CLANG_WARN_UNREACHABLE_CODE = YES;
				CLANG_WARN__DUPLICATE_METHOD_MATCH = YES;
				COPY_PHASE_STRIP = NO;
				DEBUG_INFORMATION_FORMAT = dwarf;
				ENABLE_STRICT_OBJC_MSGSEND = YES;
				ENABLE_TESTABILITY = YES;
				GCC_C_LANGUAGE_STANDARD = gnu11;
				GCC_DYNAMIC_NO_PIC = NO;
				GCC_NO_COMMON_BLOCKS = YES;
				GCC_OPTIMIZATION_LEVEL = 0;
				GCC_PREPROCESSOR_DEFINITIONS = (
					"DEBUG=1",
					"$(inherited)",
				);
				GCC_WARN_64_TO_32_BIT_CONVERSION = YES;
				GCC_WARN_ABOUT_RETURN_TYPE = YES_ERROR;
				GCC_WARN_UNDECLARED_SELECTOR = YES;
				GCC_WARN_UNINITIALIZED_AUTOS = YES_AGGRESSIVE;
				GCC_WARN_UNUSED_FUNCTION = YES;
				GCC_WARN_UNUSED_VARIABLE = YES;
				IPHONEOS_DEPLOYMENT_TARGET = 14.5;
				MTL_ENABLE_DEBUG_INFO = INCLUDE_SOURCE;
				MTL_FAST_MATH = YES;
				ONLY_ACTIVE_ARCH = YES;
				SDKROOT = iphoneos;
				SWIFT_ACTIVE_COMPILATION_CONDITIONS = DEBUG;
				SWIFT_OPTIMIZATION_LEVEL = "-Onone";
			};
			name = Debug;
		};
		71BDD00E26F0F0A0002CD846 /* Release */ = {
			isa = XCBuildConfiguration;
			buildSettings = {
				ALWAYS_SEARCH_USER_PATHS = NO;
				CLANG_ANALYZER_LOCALIZABILITY_NONLOCALIZED = YES;
				CLANG_ANALYZER_NONNULL = YES;
				CLANG_ANALYZER_NUMBER_OBJECT_CONVERSION = YES_AGGRESSIVE;
				CLANG_CXX_LANGUAGE_STANDARD = "gnu++14";
				CLANG_CXX_LIBRARY = "libc++";
				CLANG_ENABLE_MODULES = YES;
				CLANG_ENABLE_OBJC_ARC = YES;
				CLANG_ENABLE_OBJC_WEAK = YES;
				CLANG_WARN_BLOCK_CAPTURE_AUTORELEASING = YES;
				CLANG_WARN_BOOL_CONVERSION = YES;
				CLANG_WARN_COMMA = YES;
				CLANG_WARN_CONSTANT_CONVERSION = YES;
				CLANG_WARN_DEPRECATED_OBJC_IMPLEMENTATIONS = YES;
				CLANG_WARN_DIRECT_OBJC_ISA_USAGE = YES_ERROR;
				CLANG_WARN_DOCUMENTATION_COMMENTS = YES;
				CLANG_WARN_EMPTY_BODY = YES;
				CLANG_WARN_ENUM_CONVERSION = YES;
				CLANG_WARN_INFINITE_RECURSION = YES;
				CLANG_WARN_INT_CONVERSION = YES;
				CLANG_WARN_NON_LITERAL_NULL_CONVERSION = YES;
				CLANG_WARN_OBJC_IMPLICIT_RETAIN_SELF = YES;
				CLANG_WARN_OBJC_LITERAL_CONVERSION = YES;
				CLANG_WARN_OBJC_ROOT_CLASS = YES_ERROR;
				CLANG_WARN_QUOTED_INCLUDE_IN_FRAMEWORK_HEADER = YES;
				CLANG_WARN_RANGE_LOOP_ANALYSIS = YES;
				CLANG_WARN_STRICT_PROTOTYPES = YES;
				CLANG_WARN_SUSPICIOUS_MOVE = YES;
				CLANG_WARN_UNGUARDED_AVAILABILITY = YES_AGGRESSIVE;
				CLANG_WARN_UNREACHABLE_CODE = YES;
				CLANG_WARN__DUPLICATE_METHOD_MATCH = YES;
				COPY_PHASE_STRIP = NO;
				DEBUG_INFORMATION_FORMAT = "dwarf-with-dsym";
				ENABLE_NS_ASSERTIONS = NO;
				ENABLE_STRICT_OBJC_MSGSEND = YES;
				GCC_C_LANGUAGE_STANDARD = gnu11;
				GCC_NO_COMMON_BLOCKS = YES;
				GCC_WARN_64_TO_32_BIT_CONVERSION = YES;
				GCC_WARN_ABOUT_RETURN_TYPE = YES_ERROR;
				GCC_WARN_UNDECLARED_SELECTOR = YES;
				GCC_WARN_UNINITIALIZED_AUTOS = YES_AGGRESSIVE;
				GCC_WARN_UNUSED_FUNCTION = YES;
				GCC_WARN_UNUSED_VARIABLE = YES;
				IPHONEOS_DEPLOYMENT_TARGET = 14.5;
				MTL_ENABLE_DEBUG_INFO = NO;
				MTL_FAST_MATH = YES;
				SDKROOT = iphoneos;
				SWIFT_COMPILATION_MODE = wholemodule;
				SWIFT_OPTIMIZATION_LEVEL = "-O";
				VALIDATE_PRODUCT = YES;
			};
			name = Release;
		};
		71BDD01026F0F0A0002CD846 /* Debug */ = {
			isa = XCBuildConfiguration;
			buildSettings = {
				ASSETCATALOG_COMPILER_APPICON_NAME = AppIcon;
				ASSETCATALOG_COMPILER_GLOBAL_ACCENT_COLOR_NAME = AccentColor;
				CODE_SIGN_ENTITLEMENTS = UltimatePortfolio/Configuration/UltimatePortfolio.entitlements;
				CODE_SIGN_IDENTITY = "Apple Development";
				CODE_SIGN_STYLE = Automatic;
				DEVELOPMENT_ASSET_PATHS = "\"UltimatePortfolio/Preview Content\"";
				DEVELOPMENT_TEAM = M6Z8JUW5F9;
				ENABLE_PREVIEWS = YES;
				INFOPLIST_FILE = UltimatePortfolio/Configuration/Info.plist;
				IPHONEOS_DEPLOYMENT_TARGET = 14.0;
				LD_RUNPATH_SEARCH_PATHS = (
					"$(inherited)",
					"@executable_path/Frameworks",
				);
				PRODUCT_BUNDLE_IDENTIFIER = com.konrad.cureau.UltimatePortfolio;
				PRODUCT_NAME = "$(TARGET_NAME)";
				PROVISIONING_PROFILE_SPECIFIER = "";
				SWIFT_VERSION = 5.0;
				TARGETED_DEVICE_FAMILY = "1,2";
			};
			name = Debug;
		};
		71BDD01126F0F0A0002CD846 /* Release */ = {
			isa = XCBuildConfiguration;
			buildSettings = {
				ASSETCATALOG_COMPILER_APPICON_NAME = AppIcon;
				ASSETCATALOG_COMPILER_GLOBAL_ACCENT_COLOR_NAME = AccentColor;
				CODE_SIGN_ENTITLEMENTS = UltimatePortfolio/Configuration/UltimatePortfolio.entitlements;
				CODE_SIGN_IDENTITY = "Apple Development";
				CODE_SIGN_STYLE = Automatic;
				DEVELOPMENT_ASSET_PATHS = "\"UltimatePortfolio/Preview Content\"";
				DEVELOPMENT_TEAM = M6Z8JUW5F9;
				ENABLE_PREVIEWS = YES;
				INFOPLIST_FILE = UltimatePortfolio/Configuration/Info.plist;
				IPHONEOS_DEPLOYMENT_TARGET = 14.0;
				LD_RUNPATH_SEARCH_PATHS = (
					"$(inherited)",
					"@executable_path/Frameworks",
				);
				PRODUCT_BUNDLE_IDENTIFIER = com.konrad.cureau.UltimatePortfolio;
				PRODUCT_NAME = "$(TARGET_NAME)";
				PROVISIONING_PROFILE_SPECIFIER = "";
				SWIFT_VERSION = 5.0;
				TARGETED_DEVICE_FAMILY = "1,2";
			};
			name = Release;
		};
/* End XCBuildConfiguration section */

/* Begin XCConfigurationList section */
		7178C3D926F9F7A200E5B493 /* Build configuration list for PBXNativeTarget "UltimatePortfolioUITests" */ = {
			isa = XCConfigurationList;
			buildConfigurations = (
				7178C3DA26F9F7A200E5B493 /* Debug */,
				7178C3DB26F9F7A200E5B493 /* Release */,
			);
			defaultConfigurationIsVisible = 0;
			defaultConfigurationName = Release;
		};
		7181566F26F8EE730022AE75 /* Build configuration list for PBXNativeTarget "UltimatePortfolioTests" */ = {
			isa = XCConfigurationList;
			buildConfigurations = (
				7181567026F8EE730022AE75 /* Debug */,
				7181567126F8EE730022AE75 /* Release */,
			);
			defaultConfigurationIsVisible = 0;
			defaultConfigurationName = Release;
		};
		71BDCFFB26F0F09E002CD846 /* Build configuration list for PBXProject "UltimatePortfolio" */ = {
			isa = XCConfigurationList;
			buildConfigurations = (
				71BDD00D26F0F0A0002CD846 /* Debug */,
				71BDD00E26F0F0A0002CD846 /* Release */,
			);
			defaultConfigurationIsVisible = 0;
			defaultConfigurationName = Release;
		};
		71BDD00F26F0F0A0002CD846 /* Build configuration list for PBXNativeTarget "UltimatePortfolio" */ = {
			isa = XCConfigurationList;
			buildConfigurations = (
				71BDD01026F0F0A0002CD846 /* Debug */,
				71BDD01126F0F0A0002CD846 /* Release */,
			);
			defaultConfigurationIsVisible = 0;
			defaultConfigurationName = Release;
		};
/* End XCConfigurationList section */

/* Begin XCVersionGroup section */
		71BDD01226F0F230002CD846 /* Main.xcdatamodeld */ = {
			isa = XCVersionGroup;
			children = (
				71BDD01326F0F230002CD846 /* Main.xcdatamodel */,
			);
			currentVersion = 71BDD01326F0F230002CD846 /* Main.xcdatamodel */;
			path = Main.xcdatamodeld;
			sourceTree = "<group>";
			versionGroupType = wrapper.xcdatamodel;
		};
/* End XCVersionGroup section */
	};
	rootObject = 71BDCFF826F0F09E002CD846 /* Project object */;
}
